
Microsoft Visual Studio Solution File, Format Version 12.00
# Visual Studio Version 16
VisualStudioVersion = 16.0.31702.278
MinimumVisualStudioVersion = 10.0.40219.1
Project("{2150E333-8FDC-42A3-9474-1A3956D46DE8}") = "Solution Items", "Solution Items", "{37D911BA-7A11-489D-94F4-EC36193AA93C}"
	ProjectSection(SolutionItems) = preProject
		목차.txt = 목차.txt
	EndProjectSection
EndProject
Project("{2150E333-8FDC-42A3-9474-1A3956D46DE8}") = "STD", "STD", "{77F08CF1-CB04-4B49-B0AA-DB3E78903BD1}"
EndProject
Project("{FAE04EC0-301F-11D3-BF4B-00C04F79EFBC}") = "00using", "00.using\00using.csproj", "{59765C68-145D-4CBF-ADA7-A0A04CC18748}"
EndProject
Project("{FAE04EC0-301F-11D3-BF4B-00C04F79EFBC}") = "01class", "01.class\01class.csproj", "{C38D56AD-60AC-4B22-87AC-765EEE918BDF}"
EndProject
Project("{FAE04EC0-301F-11D3-BF4B-00C04F79EFBC}") = "02NameSpace", "02.NameSpace\02NameSpace.csproj", "{887919A0-A70F-4D02-BD91-8950F00C0884}"
EndProject
Project("{FAE04EC0-301F-11D3-BF4B-00C04F79EFBC}") = "03Code_Start_and_Reading", "03Code_Start_and_Reading\03Code_Start_and_Reading.csproj", "{BED7EE26-B51C-4089-95C7-878F6AAA83B9}"
EndProject
Project("{FAE04EC0-301F-11D3-BF4B-00C04F79EFBC}") = "04MemberVar", "04MemberVar\04MemberVar.csproj", "{68EC3711-345F-48FF-A62D-69B010A5917F}"
EndProject
Project("{FAE04EC0-301F-11D3-BF4B-00C04F79EFBC}") = "05MemberFunc", "05MemberFunc\05MemberFunc.csproj", "{C797B90E-AB8C-443C-B2E4-9332821E6090}"
EndProject
Project("{FAE04EC0-301F-11D3-BF4B-00C04F79EFBC}") = "06LocalVar", "06LocalVar\06LocalVar.csproj", "{0E13CD31-63E5-4F19-AC84-76C756A41796}"
EndProject
Project("{FAE04EC0-301F-11D3-BF4B-00C04F79EFBC}") = "07ClassAccess", "07ClassAccess\07ClassAccess.csproj", "{06121621-4299-45CF-A8B0-7F13D7D23D65}"
EndProject
Project("{FAE04EC0-301F-11D3-BF4B-00C04F79EFBC}") = "08FuncEx", "08FuncEx\08FuncEx.csproj", "{B03E2F70-3619-437F-B202-95B66834B51B}"
EndProject
Project("{FAE04EC0-301F-11D3-BF4B-00C04F79EFBC}") = "09Operator", "09Operator\09Operator.csproj", "{759364CE-DAA3-4ACA-AF18-E12E2B30D28E}"
EndProject
Global
	GlobalSection(SolutionConfigurationPlatforms) = preSolution
		Debug|Any CPU = Debug|Any CPU
		Release|Any CPU = Release|Any CPU
	EndGlobalSection
	GlobalSection(ProjectConfigurationPlatforms) = postSolution
		{59765C68-145D-4CBF-ADA7-A0A04CC18748}.Debug|Any CPU.ActiveCfg = Debug|Any CPU
		{59765C68-145D-4CBF-ADA7-A0A04CC18748}.Debug|Any CPU.Build.0 = Debug|Any CPU
		{59765C68-145D-4CBF-ADA7-A0A04CC18748}.Release|Any CPU.ActiveCfg = Release|Any CPU
		{59765C68-145D-4CBF-ADA7-A0A04CC18748}.Release|Any CPU.Build.0 = Release|Any CPU
		{C38D56AD-60AC-4B22-87AC-765EEE918BDF}.Debug|Any CPU.ActiveCfg = Debug|Any CPU
		{C38D56AD-60AC-4B22-87AC-765EEE918BDF}.Debug|Any CPU.Build.0 = Debug|Any CPU
		{C38D56AD-60AC-4B22-87AC-765EEE918BDF}.Release|Any CPU.ActiveCfg = Release|Any CPU
		{C38D56AD-60AC-4B22-87AC-765EEE918BDF}.Release|Any CPU.Build.0 = Release|Any CPU
		{887919A0-A70F-4D02-BD91-8950F00C0884}.Debug|Any CPU.ActiveCfg = Debug|Any CPU
		{887919A0-A70F-4D02-BD91-8950F00C0884}.Debug|Any CPU.Build.0 = Debug|Any CPU
		{887919A0-A70F-4D02-BD91-8950F00C0884}.Release|Any CPU.ActiveCfg = Release|Any CPU
		{887919A0-A70F-4D02-BD91-8950F00C0884}.Release|Any CPU.Build.0 = Release|Any CPU
		{BED7EE26-B51C-4089-95C7-878F6AAA83B9}.Debug|Any CPU.ActiveCfg = Debug|Any CPU
		{BED7EE26-B51C-4089-95C7-878F6AAA83B9}.Debug|Any CPU.Build.0 = Debug|Any CPU
		{BED7EE26-B51C-4089-95C7-878F6AAA83B9}.Release|Any CPU.ActiveCfg = Release|Any CPU
		{BED7EE26-B51C-4089-95C7-878F6AAA83B9}.Release|Any CPU.Build.0 = Release|Any CPU
		{68EC3711-345F-48FF-A62D-69B010A5917F}.Debug|Any CPU.ActiveCfg = Debug|Any CPU
		{68EC3711-345F-48FF-A62D-69B010A5917F}.Debug|Any CPU.Build.0 = Debug|Any CPU
		{68EC3711-345F-48FF-A62D-69B010A5917F}.Release|Any CPU.ActiveCfg = Release|Any CPU
		{68EC3711-345F-48FF-A62D-69B010A5917F}.Release|Any CPU.Build.0 = Release|Any CPU
		{C797B90E-AB8C-443C-B2E4-9332821E6090}.Debug|Any CPU.ActiveCfg = Debug|Any CPU
		{C797B90E-AB8C-443C-B2E4-9332821E6090}.Debug|Any CPU.Build.0 = Debug|Any CPU
		{C797B90E-AB8C-443C-B2E4-9332821E6090}.Release|Any CPU.ActiveCfg = Release|Any CPU
		{C797B90E-AB8C-443C-B2E4-9332821E6090}.Release|Any CPU.Build.0 = Release|Any CPU
		{0E13CD31-63E5-4F19-AC84-76C756A41796}.Debug|Any CPU.ActiveCfg = Debug|Any CPU
		{0E13CD31-63E5-4F19-AC84-76C756A41796}.Debug|Any CPU.Build.0 = Debug|Any CPU
		{0E13CD31-63E5-4F19-AC84-76C756A41796}.Release|Any CPU.ActiveCfg = Release|Any CPU
		{0E13CD31-63E5-4F19-AC84-76C756A41796}.Release|Any CPU.Build.0 = Release|Any CPU
		{06121621-4299-45CF-A8B0-7F13D7D23D65}.Debug|Any CPU.ActiveCfg = Debug|Any CPU
		{06121621-4299-45CF-A8B0-7F13D7D23D65}.Debug|Any CPU.Build.0 = Debug|Any CPU
		{06121621-4299-45CF-A8B0-7F13D7D23D65}.Release|Any CPU.ActiveCfg = Release|Any CPU
		{06121621-4299-45CF-A8B0-7F13D7D23D65}.Release|Any CPU.Build.0 = Release|Any CPU
		{B03E2F70-3619-437F-B202-95B66834B51B}.Debug|Any CPU.ActiveCfg = Debug|Any CPU
		{B03E2F70-3619-437F-B202-95B66834B51B}.Debug|Any CPU.Build.0 = Debug|Any CPU
		{B03E2F70-3619-437F-B202-95B66834B51B}.Release|Any CPU.ActiveCfg = Release|Any CPU
		{B03E2F70-3619-437F-B202-95B66834B51B}.Release|Any CPU.Build.0 = Release|Any CPU
		{759364CE-DAA3-4ACA-AF18-E12E2B30D28E}.Debug|Any CPU.ActiveCfg = Debug|Any CPU
		{759364CE-DAA3-4ACA-AF18-E12E2B30D28E}.Debug|Any CPU.Build.0 = Debug|Any CPU
		{759364CE-DAA3-4ACA-AF18-E12E2B30D28E}.Release|Any CPU.ActiveCfg = Release|Any CPU
		{759364CE-DAA3-4ACA-AF18-E12E2B30D28E}.Release|Any CPU.Build.0 = Release|Any CPU
	EndGlobalSection
	GlobalSection(SolutionProperties) = preSolution
		HideSolutionNode = FALSE
	EndGlobalSection
	GlobalSection(ExtensibilityGlobals) = postSolution
		SolutionGuid = {E808239C-2A78-490E-B2A5-73329778DC7E}
	EndGlobalSection
EndGlobal
