
Microsoft Visual Studio Solution File, Format Version 12.00
# Visual Studio Version 16
VisualStudioVersion = 16.0.31702.278
MinimumVisualStudioVersion = 10.0.40219.1
Project("{2150E333-8FDC-42A3-9474-1A3956D46DE8}") = "Solution Items", "Solution Items", "{37D911BA-7A11-489D-94F4-EC36193AA93C}"
	ProjectSection(SolutionItems) = preProject
		목차.txt = 목차.txt
	EndProjectSection
EndProject
Project("{FAE04EC0-301F-11D3-BF4B-00C04F79EFBC}") = "00using", "00.using\00using.csproj", "{59765C68-145D-4CBF-ADA7-A0A04CC18748}"
EndProject
Project("{FAE04EC0-301F-11D3-BF4B-00C04F79EFBC}") = "01class", "01.class\01class.csproj", "{C38D56AD-60AC-4B22-87AC-765EEE918BDF}"
EndProject
Project("{FAE04EC0-301F-11D3-BF4B-00C04F79EFBC}") = "02NameSpace", "02.NameSpace\02NameSpace.csproj", "{887919A0-A70F-4D02-BD91-8950F00C0884}"
EndProject
Project("{FAE04EC0-301F-11D3-BF4B-00C04F79EFBC}") = "03Code_Start_and_Reading", "03Code_Start_and_Reading\03Code_Start_and_Reading.csproj", "{BED7EE26-B51C-4089-95C7-878F6AAA83B9}"
EndProject
Project("{FAE04EC0-301F-11D3-BF4B-00C04F79EFBC}") = "04MemberVar", "04MemberVar\04MemberVar.csproj", "{68EC3711-345F-48FF-A62D-69B010A5917F}"
EndProject
Project("{FAE04EC0-301F-11D3-BF4B-00C04F79EFBC}") = "05MemberFunc", "05MemberFunc\05MemberFunc.csproj", "{C797B90E-AB8C-443C-B2E4-9332821E6090}"
EndProject
Project("{FAE04EC0-301F-11D3-BF4B-00C04F79EFBC}") = "06LocalVar", "06LocalVar\06LocalVar.csproj", "{0E13CD31-63E5-4F19-AC84-76C756A41796}"
EndProject
Project("{FAE04EC0-301F-11D3-BF4B-00C04F79EFBC}") = "07ClassAccess", "07ClassAccess\07ClassAccess.csproj", "{06121621-4299-45CF-A8B0-7F13D7D23D65}"
EndProject
Project("{FAE04EC0-301F-11D3-BF4B-00C04F79EFBC}") = "08FuncEx", "08FuncEx\08FuncEx.csproj", "{B03E2F70-3619-437F-B202-95B66834B51B}"
EndProject
Project("{FAE04EC0-301F-11D3-BF4B-00C04F79EFBC}") = "09Operator", "09Operator\09Operator.csproj", "{759364CE-DAA3-4ACA-AF18-E12E2B30D28E}"
EndProject
Project("{FAE04EC0-301F-11D3-BF4B-00C04F79EFBC}") = "10 Memory00(Func)", "10 Memory00(Func)\10 Memory00(Func).csproj", "{5C06998C-934C-41FB-A546-BBD171A18361}"
EndProject
Project("{FAE04EC0-301F-11D3-BF4B-00C04F79EFBC}") = "11Memory00(Value)", "11Memory00(Value)\11Memory00(Value).csproj", "{939D1117-FD29-4A11-9A97-2D31EA412477}"
EndProject
Project("{FAE04EC0-301F-11D3-BF4B-00C04F79EFBC}") = "12Memory02(Reference)", "12Memory02(Reference)\12Memory02(Reference).csproj", "{100A637C-2BCE-47C0-8B10-75B00177757B}"
EndProject
Project("{FAE04EC0-301F-11D3-BF4B-00C04F79EFBC}") = "13StaticVar", "13StaticVar\13StaticVar.csproj", "{67A9ED9A-1CA4-4D11-B360-2BFFA8C7BAC0}"
EndProject
Project("{FAE04EC0-301F-11D3-BF4B-00C04F79EFBC}") = "14StaticFunc", "14StaticFunc\14StaticFunc.csproj", "{B2539831-B413-4367-A18A-D116D92E9258}"
EndProject
Project("{FAE04EC0-301F-11D3-BF4B-00C04F79EFBC}") = "15StaticClass", "15StaticClass\15StaticClass.csproj", "{2D2285B2-F011-4929-9129-9F428A67B33C}"
EndProject
Project("{FAE04EC0-301F-11D3-BF4B-00C04F79EFBC}") = "16This", "16This\16This.csproj", "{9BC892BA-0233-42E1-AFA7-7B77AB5850FF}"
EndProject
Project("{FAE04EC0-301F-11D3-BF4B-00C04F79EFBC}") = "17_20Skip", "17_20Skip\17_20Skip.csproj", "{1DB5EA21-BA02-4ECD-9E09-4E62479E9A4C}"
EndProject
Project("{FAE04EC0-301F-11D3-BF4B-00C04F79EFBC}") = "28Partial", "28Partial\28Partial.csproj", "{4C3E5D1E-1A64-4855-AA57-336EACC836F9}"
EndProject
Project("{FAE04EC0-301F-11D3-BF4B-00C04F79EFBC}") = "29OverLoeading", "29OverLoeading\29OverLoeading.csproj", "{B2BE82EB-8448-43D7-9933-6E4B824DB755}"
EndProject
Project("{FAE04EC0-301F-11D3-BF4B-00C04F79EFBC}") = "30OverRiding", "30OverRiding\30OverRiding.csproj", "{4F4D2DD5-A4BB-41F0-B73E-7115F7943AB7}"
EndProject
Project("{FAE04EC0-301F-11D3-BF4B-00C04F79EFBC}") = "23Inheritance", "23Inheritance\23Inheritance.csproj", "{10558B20-D534-4C12-A1FF-8F941A5A6E54}"
EndProject
Project("{FAE04EC0-301F-11D3-BF4B-00C04F79EFBC}") = "24ClassConstructor", "24ClassConstructor\24ClassConstructor.csproj", "{318DCA06-1316-4A65-9E0A-1920F9E9B1E2}"
EndProject
Project("{FAE04EC0-301F-11D3-BF4B-00C04F79EFBC}") = "26Property", "26Property\26Property.csproj", "{F9AA8134-2C58-416B-ADA0-92A6307E223B}"
EndProject
Project("{FAE04EC0-301F-11D3-BF4B-00C04F79EFBC}") = "31Interface", "31Interface\31Interface.csproj", "{CA643A2D-4DBA-43F6-B256-4E88B9836BA6}"
EndProject
Project("{FAE04EC0-301F-11D3-BF4B-00C04F79EFBC}") = "32Array", "32Array\32Array.csproj", "{9B495689-B0B4-4F3D-9367-9111773AF347}"
EndProject
Project("{FAE04EC0-301F-11D3-BF4B-00C04F79EFBC}") = "async", "async\async.csproj", "{677B3F4F-F083-4650-AA25-F9BADE6AC7FA}"
EndProject
Project("{FAE04EC0-301F-11D3-BF4B-00C04F79EFBC}") = "37Reference01", "37Reference01\37Reference01.csproj", "{FDA004F4-302E-47D2-92A2-F63F3A06B528}"
EndProject
Project("{FAE04EC0-301F-11D3-BF4B-00C04F79EFBC}") = "38DataStructure", "38DataStructor\38DataStructure.csproj", "{7D5D38A8-58EF-4891-8F0B-B26EB371A222}"
EndProject
Project("{2150E333-8FDC-42A3-9474-1A3956D46DE8}") = "DataStructure", "DataStructure", "{6101E6E5-513A-497C-BAF6-CBDA182ADCEB}"
EndProject
Project("{FAE04EC0-301F-11D3-BF4B-00C04F79EFBC}") = "List", "List\List.csproj", "{5CE80E9A-3188-475B-B512-36FDDF0F6A79}"
EndProject
Project("{FAE04EC0-301F-11D3-BF4B-00C04F79EFBC}") = "delegate_event", "delegate_event\delegate_event.csproj", "{E3CC021E-5E9F-47D1-BFF0-5DB6E9C35F50}"
EndProject
Project("{FAE04EC0-301F-11D3-BF4B-00C04F79EFBC}") = "Node", "Node\Node.csproj", "{B0F8A551-F563-4AAA-9E02-C4D8A25599A9}"
EndProject
Project("{FAE04EC0-301F-11D3-BF4B-00C04F79EFBC}") = "LinkedList", "LinkedList\LinkedList.csproj", "{CF27C44F-81EB-484F-8BE2-E1CAB4580777}"
EndProject
Project("{FAE04EC0-301F-11D3-BF4B-00C04F79EFBC}") = "NodeExample", "NodeExample\NodeExample.csproj", "{0CC9D735-1206-4C8B-84AA-8D3730EC3FA9}"
EndProject
Project("{FAE04EC0-301F-11D3-BF4B-00C04F79EFBC}") = "Dictionary", "Dictionary\Dictionary.csproj", "{4F76EC01-A9D0-4C86-8FB1-7EDF2F5C8D8F}"
EndProject
Project("{FAE04EC0-301F-11D3-BF4B-00C04F79EFBC}") = "DataStructEx", "DataStructEx\DataStructEx.csproj", "{3D3055AA-8395-4369-8842-11FAE1C3BEF7}"
EndProject
Global
	GlobalSection(SolutionConfigurationPlatforms) = preSolution
		Debug|Any CPU = Debug|Any CPU
		Release|Any CPU = Release|Any CPU
	EndGlobalSection
	GlobalSection(ProjectConfigurationPlatforms) = postSolution
		{59765C68-145D-4CBF-ADA7-A0A04CC18748}.Debug|Any CPU.ActiveCfg = Debug|Any CPU
		{59765C68-145D-4CBF-ADA7-A0A04CC18748}.Debug|Any CPU.Build.0 = Debug|Any CPU
		{59765C68-145D-4CBF-ADA7-A0A04CC18748}.Release|Any CPU.ActiveCfg = Release|Any CPU
		{59765C68-145D-4CBF-ADA7-A0A04CC18748}.Release|Any CPU.Build.0 = Release|Any CPU
		{C38D56AD-60AC-4B22-87AC-765EEE918BDF}.Debug|Any CPU.ActiveCfg = Debug|Any CPU
		{C38D56AD-60AC-4B22-87AC-765EEE918BDF}.Debug|Any CPU.Build.0 = Debug|Any CPU
		{C38D56AD-60AC-4B22-87AC-765EEE918BDF}.Release|Any CPU.ActiveCfg = Release|Any CPU
		{C38D56AD-60AC-4B22-87AC-765EEE918BDF}.Release|Any CPU.Build.0 = Release|Any CPU
		{887919A0-A70F-4D02-BD91-8950F00C0884}.Debug|Any CPU.ActiveCfg = Debug|Any CPU
		{887919A0-A70F-4D02-BD91-8950F00C0884}.Debug|Any CPU.Build.0 = Debug|Any CPU
		{887919A0-A70F-4D02-BD91-8950F00C0884}.Release|Any CPU.ActiveCfg = Release|Any CPU
		{887919A0-A70F-4D02-BD91-8950F00C0884}.Release|Any CPU.Build.0 = Release|Any CPU
		{BED7EE26-B51C-4089-95C7-878F6AAA83B9}.Debug|Any CPU.ActiveCfg = Debug|Any CPU
		{BED7EE26-B51C-4089-95C7-878F6AAA83B9}.Debug|Any CPU.Build.0 = Debug|Any CPU
		{BED7EE26-B51C-4089-95C7-878F6AAA83B9}.Release|Any CPU.ActiveCfg = Release|Any CPU
		{BED7EE26-B51C-4089-95C7-878F6AAA83B9}.Release|Any CPU.Build.0 = Release|Any CPU
		{68EC3711-345F-48FF-A62D-69B010A5917F}.Debug|Any CPU.ActiveCfg = Debug|Any CPU
		{68EC3711-345F-48FF-A62D-69B010A5917F}.Debug|Any CPU.Build.0 = Debug|Any CPU
		{68EC3711-345F-48FF-A62D-69B010A5917F}.Release|Any CPU.ActiveCfg = Release|Any CPU
		{68EC3711-345F-48FF-A62D-69B010A5917F}.Release|Any CPU.Build.0 = Release|Any CPU
		{C797B90E-AB8C-443C-B2E4-9332821E6090}.Debug|Any CPU.ActiveCfg = Debug|Any CPU
		{C797B90E-AB8C-443C-B2E4-9332821E6090}.Debug|Any CPU.Build.0 = Debug|Any CPU
		{C797B90E-AB8C-443C-B2E4-9332821E6090}.Release|Any CPU.ActiveCfg = Release|Any CPU
		{C797B90E-AB8C-443C-B2E4-9332821E6090}.Release|Any CPU.Build.0 = Release|Any CPU
		{0E13CD31-63E5-4F19-AC84-76C756A41796}.Debug|Any CPU.ActiveCfg = Debug|Any CPU
		{0E13CD31-63E5-4F19-AC84-76C756A41796}.Debug|Any CPU.Build.0 = Debug|Any CPU
		{0E13CD31-63E5-4F19-AC84-76C756A41796}.Release|Any CPU.ActiveCfg = Release|Any CPU
		{0E13CD31-63E5-4F19-AC84-76C756A41796}.Release|Any CPU.Build.0 = Release|Any CPU
		{06121621-4299-45CF-A8B0-7F13D7D23D65}.Debug|Any CPU.ActiveCfg = Debug|Any CPU
		{06121621-4299-45CF-A8B0-7F13D7D23D65}.Debug|Any CPU.Build.0 = Debug|Any CPU
		{06121621-4299-45CF-A8B0-7F13D7D23D65}.Release|Any CPU.ActiveCfg = Release|Any CPU
		{06121621-4299-45CF-A8B0-7F13D7D23D65}.Release|Any CPU.Build.0 = Release|Any CPU
		{B03E2F70-3619-437F-B202-95B66834B51B}.Debug|Any CPU.ActiveCfg = Debug|Any CPU
		{B03E2F70-3619-437F-B202-95B66834B51B}.Debug|Any CPU.Build.0 = Debug|Any CPU
		{B03E2F70-3619-437F-B202-95B66834B51B}.Release|Any CPU.ActiveCfg = Release|Any CPU
		{B03E2F70-3619-437F-B202-95B66834B51B}.Release|Any CPU.Build.0 = Release|Any CPU
		{759364CE-DAA3-4ACA-AF18-E12E2B30D28E}.Debug|Any CPU.ActiveCfg = Debug|Any CPU
		{759364CE-DAA3-4ACA-AF18-E12E2B30D28E}.Debug|Any CPU.Build.0 = Debug|Any CPU
		{759364CE-DAA3-4ACA-AF18-E12E2B30D28E}.Release|Any CPU.ActiveCfg = Release|Any CPU
		{759364CE-DAA3-4ACA-AF18-E12E2B30D28E}.Release|Any CPU.Build.0 = Release|Any CPU
		{5C06998C-934C-41FB-A546-BBD171A18361}.Debug|Any CPU.ActiveCfg = Debug|Any CPU
		{5C06998C-934C-41FB-A546-BBD171A18361}.Debug|Any CPU.Build.0 = Debug|Any CPU
		{5C06998C-934C-41FB-A546-BBD171A18361}.Release|Any CPU.ActiveCfg = Release|Any CPU
		{5C06998C-934C-41FB-A546-BBD171A18361}.Release|Any CPU.Build.0 = Release|Any CPU
		{939D1117-FD29-4A11-9A97-2D31EA412477}.Debug|Any CPU.ActiveCfg = Debug|Any CPU
		{939D1117-FD29-4A11-9A97-2D31EA412477}.Debug|Any CPU.Build.0 = Debug|Any CPU
		{939D1117-FD29-4A11-9A97-2D31EA412477}.Release|Any CPU.ActiveCfg = Release|Any CPU
		{939D1117-FD29-4A11-9A97-2D31EA412477}.Release|Any CPU.Build.0 = Release|Any CPU
		{100A637C-2BCE-47C0-8B10-75B00177757B}.Debug|Any CPU.ActiveCfg = Debug|Any CPU
		{100A637C-2BCE-47C0-8B10-75B00177757B}.Debug|Any CPU.Build.0 = Debug|Any CPU
		{100A637C-2BCE-47C0-8B10-75B00177757B}.Release|Any CPU.ActiveCfg = Release|Any CPU
		{100A637C-2BCE-47C0-8B10-75B00177757B}.Release|Any CPU.Build.0 = Release|Any CPU
		{67A9ED9A-1CA4-4D11-B360-2BFFA8C7BAC0}.Debug|Any CPU.ActiveCfg = Debug|Any CPU
		{67A9ED9A-1CA4-4D11-B360-2BFFA8C7BAC0}.Debug|Any CPU.Build.0 = Debug|Any CPU
		{67A9ED9A-1CA4-4D11-B360-2BFFA8C7BAC0}.Release|Any CPU.ActiveCfg = Release|Any CPU
		{67A9ED9A-1CA4-4D11-B360-2BFFA8C7BAC0}.Release|Any CPU.Build.0 = Release|Any CPU
		{B2539831-B413-4367-A18A-D116D92E9258}.Debug|Any CPU.ActiveCfg = Debug|Any CPU
		{B2539831-B413-4367-A18A-D116D92E9258}.Debug|Any CPU.Build.0 = Debug|Any CPU
		{B2539831-B413-4367-A18A-D116D92E9258}.Release|Any CPU.ActiveCfg = Release|Any CPU
		{B2539831-B413-4367-A18A-D116D92E9258}.Release|Any CPU.Build.0 = Release|Any CPU
		{2D2285B2-F011-4929-9129-9F428A67B33C}.Debug|Any CPU.ActiveCfg = Debug|Any CPU
		{2D2285B2-F011-4929-9129-9F428A67B33C}.Debug|Any CPU.Build.0 = Debug|Any CPU
		{2D2285B2-F011-4929-9129-9F428A67B33C}.Release|Any CPU.ActiveCfg = Release|Any CPU
		{2D2285B2-F011-4929-9129-9F428A67B33C}.Release|Any CPU.Build.0 = Release|Any CPU
		{9BC892BA-0233-42E1-AFA7-7B77AB5850FF}.Debug|Any CPU.ActiveCfg = Debug|Any CPU
		{9BC892BA-0233-42E1-AFA7-7B77AB5850FF}.Debug|Any CPU.Build.0 = Debug|Any CPU
		{9BC892BA-0233-42E1-AFA7-7B77AB5850FF}.Release|Any CPU.ActiveCfg = Release|Any CPU
		{9BC892BA-0233-42E1-AFA7-7B77AB5850FF}.Release|Any CPU.Build.0 = Release|Any CPU
		{1DB5EA21-BA02-4ECD-9E09-4E62479E9A4C}.Debug|Any CPU.ActiveCfg = Debug|Any CPU
		{1DB5EA21-BA02-4ECD-9E09-4E62479E9A4C}.Debug|Any CPU.Build.0 = Debug|Any CPU
		{1DB5EA21-BA02-4ECD-9E09-4E62479E9A4C}.Release|Any CPU.ActiveCfg = Release|Any CPU
		{1DB5EA21-BA02-4ECD-9E09-4E62479E9A4C}.Release|Any CPU.Build.0 = Release|Any CPU
		{4C3E5D1E-1A64-4855-AA57-336EACC836F9}.Debug|Any CPU.ActiveCfg = Debug|Any CPU
		{4C3E5D1E-1A64-4855-AA57-336EACC836F9}.Debug|Any CPU.Build.0 = Debug|Any CPU
		{4C3E5D1E-1A64-4855-AA57-336EACC836F9}.Release|Any CPU.ActiveCfg = Release|Any CPU
		{4C3E5D1E-1A64-4855-AA57-336EACC836F9}.Release|Any CPU.Build.0 = Release|Any CPU
		{B2BE82EB-8448-43D7-9933-6E4B824DB755}.Debug|Any CPU.ActiveCfg = Debug|Any CPU
		{B2BE82EB-8448-43D7-9933-6E4B824DB755}.Debug|Any CPU.Build.0 = Debug|Any CPU
		{B2BE82EB-8448-43D7-9933-6E4B824DB755}.Release|Any CPU.ActiveCfg = Release|Any CPU
		{B2BE82EB-8448-43D7-9933-6E4B824DB755}.Release|Any CPU.Build.0 = Release|Any CPU
		{4F4D2DD5-A4BB-41F0-B73E-7115F7943AB7}.Debug|Any CPU.ActiveCfg = Debug|Any CPU
		{4F4D2DD5-A4BB-41F0-B73E-7115F7943AB7}.Debug|Any CPU.Build.0 = Debug|Any CPU
		{4F4D2DD5-A4BB-41F0-B73E-7115F7943AB7}.Release|Any CPU.ActiveCfg = Release|Any CPU
		{4F4D2DD5-A4BB-41F0-B73E-7115F7943AB7}.Release|Any CPU.Build.0 = Release|Any CPU
		{10558B20-D534-4C12-A1FF-8F941A5A6E54}.Debug|Any CPU.ActiveCfg = Debug|Any CPU
		{10558B20-D534-4C12-A1FF-8F941A5A6E54}.Debug|Any CPU.Build.0 = Debug|Any CPU
		{10558B20-D534-4C12-A1FF-8F941A5A6E54}.Release|Any CPU.ActiveCfg = Release|Any CPU
		{10558B20-D534-4C12-A1FF-8F941A5A6E54}.Release|Any CPU.Build.0 = Release|Any CPU
		{318DCA06-1316-4A65-9E0A-1920F9E9B1E2}.Debug|Any CPU.ActiveCfg = Debug|Any CPU
		{318DCA06-1316-4A65-9E0A-1920F9E9B1E2}.Debug|Any CPU.Build.0 = Debug|Any CPU
		{318DCA06-1316-4A65-9E0A-1920F9E9B1E2}.Release|Any CPU.ActiveCfg = Release|Any CPU
		{318DCA06-1316-4A65-9E0A-1920F9E9B1E2}.Release|Any CPU.Build.0 = Release|Any CPU
		{F9AA8134-2C58-416B-ADA0-92A6307E223B}.Debug|Any CPU.ActiveCfg = Debug|Any CPU
		{F9AA8134-2C58-416B-ADA0-92A6307E223B}.Debug|Any CPU.Build.0 = Debug|Any CPU
		{F9AA8134-2C58-416B-ADA0-92A6307E223B}.Release|Any CPU.ActiveCfg = Release|Any CPU
		{F9AA8134-2C58-416B-ADA0-92A6307E223B}.Release|Any CPU.Build.0 = Release|Any CPU
		{CA643A2D-4DBA-43F6-B256-4E88B9836BA6}.Debug|Any CPU.ActiveCfg = Debug|Any CPU
		{CA643A2D-4DBA-43F6-B256-4E88B9836BA6}.Debug|Any CPU.Build.0 = Debug|Any CPU
		{CA643A2D-4DBA-43F6-B256-4E88B9836BA6}.Release|Any CPU.ActiveCfg = Release|Any CPU
		{CA643A2D-4DBA-43F6-B256-4E88B9836BA6}.Release|Any CPU.Build.0 = Release|Any CPU
		{9B495689-B0B4-4F3D-9367-9111773AF347}.Debug|Any CPU.ActiveCfg = Debug|Any CPU
		{9B495689-B0B4-4F3D-9367-9111773AF347}.Debug|Any CPU.Build.0 = Debug|Any CPU
		{9B495689-B0B4-4F3D-9367-9111773AF347}.Release|Any CPU.ActiveCfg = Release|Any CPU
		{9B495689-B0B4-4F3D-9367-9111773AF347}.Release|Any CPU.Build.0 = Release|Any CPU
		{677B3F4F-F083-4650-AA25-F9BADE6AC7FA}.Debug|Any CPU.ActiveCfg = Debug|Any CPU
		{677B3F4F-F083-4650-AA25-F9BADE6AC7FA}.Debug|Any CPU.Build.0 = Debug|Any CPU
		{677B3F4F-F083-4650-AA25-F9BADE6AC7FA}.Release|Any CPU.ActiveCfg = Release|Any CPU
		{677B3F4F-F083-4650-AA25-F9BADE6AC7FA}.Release|Any CPU.Build.0 = Release|Any CPU
		{FDA004F4-302E-47D2-92A2-F63F3A06B528}.Debug|Any CPU.ActiveCfg = Debug|Any CPU
		{FDA004F4-302E-47D2-92A2-F63F3A06B528}.Debug|Any CPU.Build.0 = Debug|Any CPU
		{FDA004F4-302E-47D2-92A2-F63F3A06B528}.Release|Any CPU.ActiveCfg = Release|Any CPU
		{FDA004F4-302E-47D2-92A2-F63F3A06B528}.Release|Any CPU.Build.0 = Release|Any CPU
		{7D5D38A8-58EF-4891-8F0B-B26EB371A222}.Debug|Any CPU.ActiveCfg = Debug|Any CPU
		{7D5D38A8-58EF-4891-8F0B-B26EB371A222}.Debug|Any CPU.Build.0 = Debug|Any CPU
		{7D5D38A8-58EF-4891-8F0B-B26EB371A222}.Release|Any CPU.ActiveCfg = Release|Any CPU
		{7D5D38A8-58EF-4891-8F0B-B26EB371A222}.Release|Any CPU.Build.0 = Release|Any CPU
		{5CE80E9A-3188-475B-B512-36FDDF0F6A79}.Debug|Any CPU.ActiveCfg = Debug|Any CPU
		{5CE80E9A-3188-475B-B512-36FDDF0F6A79}.Debug|Any CPU.Build.0 = Debug|Any CPU
		{5CE80E9A-3188-475B-B512-36FDDF0F6A79}.Release|Any CPU.ActiveCfg = Release|Any CPU
		{5CE80E9A-3188-475B-B512-36FDDF0F6A79}.Release|Any CPU.Build.0 = Release|Any CPU
		{E3CC021E-5E9F-47D1-BFF0-5DB6E9C35F50}.Debug|Any CPU.ActiveCfg = Debug|Any CPU
		{E3CC021E-5E9F-47D1-BFF0-5DB6E9C35F50}.Debug|Any CPU.Build.0 = Debug|Any CPU
		{E3CC021E-5E9F-47D1-BFF0-5DB6E9C35F50}.Release|Any CPU.ActiveCfg = Release|Any CPU
		{E3CC021E-5E9F-47D1-BFF0-5DB6E9C35F50}.Release|Any CPU.Build.0 = Release|Any CPU
		{B0F8A551-F563-4AAA-9E02-C4D8A25599A9}.Debug|Any CPU.ActiveCfg = Debug|Any CPU
		{B0F8A551-F563-4AAA-9E02-C4D8A25599A9}.Debug|Any CPU.Build.0 = Debug|Any CPU
		{B0F8A551-F563-4AAA-9E02-C4D8A25599A9}.Release|Any CPU.ActiveCfg = Release|Any CPU
		{B0F8A551-F563-4AAA-9E02-C4D8A25599A9}.Release|Any CPU.Build.0 = Release|Any CPU
		{CF27C44F-81EB-484F-8BE2-E1CAB4580777}.Debug|Any CPU.ActiveCfg = Debug|Any CPU
		{CF27C44F-81EB-484F-8BE2-E1CAB4580777}.Debug|Any CPU.Build.0 = Debug|Any CPU
		{CF27C44F-81EB-484F-8BE2-E1CAB4580777}.Release|Any CPU.ActiveCfg = Release|Any CPU
		{CF27C44F-81EB-484F-8BE2-E1CAB4580777}.Release|Any CPU.Build.0 = Release|Any CPU
		{0CC9D735-1206-4C8B-84AA-8D3730EC3FA9}.Debug|Any CPU.ActiveCfg = Debug|Any CPU
		{0CC9D735-1206-4C8B-84AA-8D3730EC3FA9}.Debug|Any CPU.Build.0 = Debug|Any CPU
		{0CC9D735-1206-4C8B-84AA-8D3730EC3FA9}.Release|Any CPU.ActiveCfg = Release|Any CPU
		{0CC9D735-1206-4C8B-84AA-8D3730EC3FA9}.Release|Any CPU.Build.0 = Release|Any CPU
		{4F76EC01-A9D0-4C86-8FB1-7EDF2F5C8D8F}.Debug|Any CPU.ActiveCfg = Debug|Any CPU
		{4F76EC01-A9D0-4C86-8FB1-7EDF2F5C8D8F}.Debug|Any CPU.Build.0 = Debug|Any CPU
		{4F76EC01-A9D0-4C86-8FB1-7EDF2F5C8D8F}.Release|Any CPU.ActiveCfg = Release|Any CPU
		{4F76EC01-A9D0-4C86-8FB1-7EDF2F5C8D8F}.Release|Any CPU.Build.0 = Release|Any CPU
		{3D3055AA-8395-4369-8842-11FAE1C3BEF7}.Debug|Any CPU.ActiveCfg = Debug|Any CPU
		{3D3055AA-8395-4369-8842-11FAE1C3BEF7}.Debug|Any CPU.Build.0 = Debug|Any CPU
		{3D3055AA-8395-4369-8842-11FAE1C3BEF7}.Release|Any CPU.ActiveCfg = Release|Any CPU
		{3D3055AA-8395-4369-8842-11FAE1C3BEF7}.Release|Any CPU.Build.0 = Release|Any CPU
	EndGlobalSection
	GlobalSection(SolutionProperties) = preSolution
		HideSolutionNode = FALSE
	EndGlobalSection
	GlobalSection(NestedProjects) = preSolution
		{677B3F4F-F083-4650-AA25-F9BADE6AC7FA} = {37D911BA-7A11-489D-94F4-EC36193AA93C}
		{5CE80E9A-3188-475B-B512-36FDDF0F6A79} = {6101E6E5-513A-497C-BAF6-CBDA182ADCEB}
		{E3CC021E-5E9F-47D1-BFF0-5DB6E9C35F50} = {37D911BA-7A11-489D-94F4-EC36193AA93C}
		{B0F8A551-F563-4AAA-9E02-C4D8A25599A9} = {6101E6E5-513A-497C-BAF6-CBDA182ADCEB}
		{CF27C44F-81EB-484F-8BE2-E1CAB4580777} = {6101E6E5-513A-497C-BAF6-CBDA182ADCEB}
		{0CC9D735-1206-4C8B-84AA-8D3730EC3FA9} = {6101E6E5-513A-497C-BAF6-CBDA182ADCEB}
		{4F76EC01-A9D0-4C86-8FB1-7EDF2F5C8D8F} = {6101E6E5-513A-497C-BAF6-CBDA182ADCEB}
		{3D3055AA-8395-4369-8842-11FAE1C3BEF7} = {6101E6E5-513A-497C-BAF6-CBDA182ADCEB}
	EndGlobalSection
	GlobalSection(ExtensibilityGlobals) = postSolution
		SolutionGuid = {E808239C-2A78-490E-B2A5-73329778DC7E}
	EndGlobalSection
EndGlobal
